github.com/kenael/go-dpkg v0.0.0-20210511232324-aacfa8cc5534 h1:MQQ9wJRjnDILdVL4xbyPBmAlWXlYBIS5tvyvMaZXtnU=
github.com/kenael/go-dpkg v0.0.0-20210511232324-aacfa8cc5534/go.mod h1:m7ColtHuqMyjHJUSi4E3eRl1l4/9WDftpWilEE6l2Sw=
github.com/kenael/go-dpkg v0.0.0-20210512091931-b8f764e7aac1 h1:C29bmBOPbMclmv2UU4+uNCoWnOIk8YICr7RdzEFUgHY=
github.com/kenael/go-dpkg v0.0.0-20210512091931-b8f764e7aac1/go.mod h1:m7ColtHuqMyjHJUSi4E3eRl1l4/9WDftpWilEE6l2Sw=
github.com/zcalusic/sysinfo v0.0.0-20210226105846-b810d137e525 h1:kaA57BgcZslwF+qzEiZEQfAfx1ZE6PuaSdxGP9ZKy04=
github.com/zcalusic/sysinfo v0.0.0-20210226105846-b810d137e525/go.mod h1:WGLNaWsjKQ2gXmAHh+MQztgu3FLFAnOFJjFzhpgShCY=
